// !$*UTF8*$!
{
	archiveVersion = 1;
	classes = {
	};
	objectVersion = 56;
	objects = {

/* Begin PBXBuildFile section */
		295C420DC6C69747EF272988 /* Pods_ImageProcessing.framework in Frameworks */ = {isa = PBXBuildFile; fileRef = B56443B3AD1161C4653AB670 /* Pods_ImageProcessing.framework */; };
		E83D74502AFB4ACB000FB6F0 /* GlobalFile.swift in Sources */ = {isa = PBXBuildFile; fileRef = E83D744F2AFB4ACB000FB6F0 /* GlobalFile.swift */; };
		E897F0632AFA1531001336F0 /* AppDelegate.swift in Sources */ = {isa = PBXBuildFile; fileRef = E897F0622AFA1531001336F0 /* AppDelegate.swift */; };
		E897F0652AFA1531001336F0 /* SceneDelegate.swift in Sources */ = {isa = PBXBuildFile; fileRef = E897F0642AFA1531001336F0 /* SceneDelegate.swift */; };
		E897F0672AFA1531001336F0 /* PhotoFilterVC.swift in Sources */ = {isa = PBXBuildFile; fileRef = E897F0662AFA1531001336F0 /* PhotoFilterVC.swift */; };
		E897F06A2AFA1531001336F0 /* Main.storyboard in Resources */ = {isa = PBXBuildFile; fileRef = E897F0682AFA1531001336F0 /* Main.storyboard */; };
		E897F06C2AFA1532001336F0 /* Assets.xcassets in Resources */ = {isa = PBXBuildFile; fileRef = E897F06B2AFA1532001336F0 /* Assets.xcassets */; };
		E897F06F2AFA1532001336F0 /* LaunchScreen.storyboard in Resources */ = {isa = PBXBuildFile; fileRef = E897F06D2AFA1532001336F0 /* LaunchScreen.storyboard */; };
		E8A5BA132AFB87D9005B4A4E /* FiltersManager.swift in Sources */ = {isa = PBXBuildFile; fileRef = E8A5BA122AFB87D9005B4A4E /* FiltersManager.swift */; };
		E8A5BA182AFB9673005B4A4E /* Semple3.mp4 in Resources */ = {isa = PBXBuildFile; fileRef = E8A5BA172AFB9673005B4A4E /* Semple3.mp4 */; };
		E8A5BA1A2AFB9CE6005B4A4E /* videoCollectionViewCell2.swift in Sources */ = {isa = PBXBuildFile; fileRef = E8A5BA192AFB9CE6005B4A4E /* videoCollectionViewCell2.swift */; };
		E8A5BA1E2AFBA189005B4A4E /* VideoPlayerVC.swift in Sources */ = {isa = PBXBuildFile; fileRef = E8A5BA1D2AFBA189005B4A4E /* VideoPlayerVC.swift */; };
		E8C283632AFC993100FBF6F0 /* HomeVC.swift in Sources */ = {isa = PBXBuildFile; fileRef = E8C283622AFC993100FBF6F0 /* HomeVC.swift */; };
		E8C2836B2AFCEEBE00FBF6F0 /* Semple1.mp4 in Resources */ = {isa = PBXBuildFile; fileRef = E8C283692AFCEEBE00FBF6F0 /* Semple1.mp4 */; };
		E8C2836C2AFCEEBE00FBF6F0 /* Semple2.mp4 in Resources */ = {isa = PBXBuildFile; fileRef = E8C2836A2AFCEEBE00FBF6F0 /* Semple2.mp4 */; };
		E8C2836E2AFCEF6E00FBF6F0 /* videoCollectionCell.swift in Sources */ = {isa = PBXBuildFile; fileRef = E8C2836D2AFCEF6E00FBF6F0 /* videoCollectionCell.swift */; };
		E8EBB2E72AFA4B4C000F905A /* FilterCollectionCell.swift in Sources */ = {isa = PBXBuildFile; fileRef = E8EBB2E62AFA4B4C000F905A /* FilterCollectionCell.swift */; };
		E8EBB2E92AFA636C000F905A /* ImgCollectionViewCell2.swift in Sources */ = {isa = PBXBuildFile; fileRef = E8EBB2E82AFA636C000F905A /* ImgCollectionViewCell2.swift */; };
/* End PBXBuildFile section */

/* Begin PBXCopyFilesBuildPhase section */
		E857D6812AFA1D2E008416CB /* CopyFiles */ = {
			isa = PBXCopyFilesBuildPhase;
			buildActionMask = 2147483647;
			dstPath = "";
			dstSubfolderSpec = 10;
			files = (
			);
			runOnlyForDeploymentPostprocessing = 0;
		};
/* End PBXCopyFilesBuildPhase section */

/* Begin PBXFileReference section */
		40A7982C9B8EED544DDD046B /* Pods-ImageProcessing.release.xcconfig */ = {isa = PBXFileReference; includeInIndex = 1; lastKnownFileType = text.xcconfig; name = "Pods-ImageProcessing.release.xcconfig"; path = "Target Support Files/Pods-ImageProcessing/Pods-ImageProcessing.release.xcconfig"; sourceTree = "<group>"; };
		B4538F1503446D3525CC36C9 /* Pods-ImageProcessing.debug.xcconfig */ = {isa = PBXFileReference; includeInIndex = 1; lastKnownFileType = text.xcconfig; name = "Pods-ImageProcessing.debug.xcconfig"; path = "Target Support Files/Pods-ImageProcessing/Pods-ImageProcessing.debug.xcconfig"; sourceTree = "<group>"; };
		B56443B3AD1161C4653AB670 /* Pods_ImageProcessing.framework */ = {isa = PBXFileReference; explicitFileType = wrapper.framework; includeInIndex = 0; path = Pods_ImageProcessing.framework; sourceTree = BUILT_PRODUCTS_DIR; };
		E83D744F2AFB4ACB000FB6F0 /* GlobalFile.swift */ = {isa = PBXFileReference; lastKnownFileType = sourcecode.swift; path = GlobalFile.swift; sourceTree = "<group>"; };
		E897F05F2AFA1531001336F0 /* ImageProcessing.app */ = {isa = PBXFileReference; explicitFileType = wrapper.application; includeInIndex = 0; path = ImageProcessing.app; sourceTree = BUILT_PRODUCTS_DIR; };
		E897F0622AFA1531001336F0 /* AppDelegate.swift */ = {isa = PBXFileReference; lastKnownFileType = sourcecode.swift; path = AppDelegate.swift; sourceTree = "<group>"; };
		E897F0642AFA1531001336F0 /* SceneDelegate.swift */ = {isa = PBXFileReference; lastKnownFileType = sourcecode.swift; path = SceneDelegate.swift; sourceTree = "<group>"; };
		E897F0662AFA1531001336F0 /* PhotoFilterVC.swift */ = {isa = PBXFileReference; lastKnownFileType = sourcecode.swift; path = PhotoFilterVC.swift; sourceTree = "<group>"; };
		E897F0692AFA1531001336F0 /* Base */ = {isa = PBXFileReference; lastKnownFileType = file.storyboard; name = Base; path = Base.lproj/Main.storyboard; sourceTree = "<group>"; };
		E897F06B2AFA1532001336F0 /* Assets.xcassets */ = {isa = PBXFileReference; lastKnownFileType = folder.assetcatalog; path = Assets.xcassets; sourceTree = "<group>"; };
		E897F06E2AFA1532001336F0 /* Base */ = {isa = PBXFileReference; lastKnownFileType = file.storyboard; name = Base; path = Base.lproj/LaunchScreen.storyboard; sourceTree = "<group>"; };
		E897F0702AFA1532001336F0 /* Info.plist */ = {isa = PBXFileReference; lastKnownFileType = text.plist.xml; path = Info.plist; sourceTree = "<group>"; };
		E8A5BA122AFB87D9005B4A4E /* FiltersManager.swift */ = {isa = PBXFileReference; lastKnownFileType = sourcecode.swift; path = FiltersManager.swift; sourceTree = "<group>"; };
		E8A5BA172AFB9673005B4A4E /* Semple3.mp4 */ = {isa = PBXFileReference; lastKnownFileType = file; path = Semple3.mp4; sourceTree = "<group>"; };
		E8A5BA192AFB9CE6005B4A4E /* videoCollectionViewCell2.swift */ = {isa = PBXFileReference; lastKnownFileType = sourcecode.swift; path = videoCollectionViewCell2.swift; sourceTree = "<group>"; };
		E8A5BA1D2AFBA189005B4A4E /* VideoPlayerVC.swift */ = {isa = PBXFileReference; lastKnownFileType = sourcecode.swift; path = VideoPlayerVC.swift; sourceTree = "<group>"; };
		E8C283622AFC993100FBF6F0 /* HomeVC.swift */ = {isa = PBXFileReference; lastKnownFileType = sourcecode.swift; path = HomeVC.swift; sourceTree = "<group>"; };
		E8C283692AFCEEBE00FBF6F0 /* Semple1.mp4 */ = {isa = PBXFileReference; lastKnownFileType = file; path = Semple1.mp4; sourceTree = "<group>"; };
		E8C2836A2AFCEEBE00FBF6F0 /* Semple2.mp4 */ = {isa = PBXFileReference; lastKnownFileType = file; path = Semple2.mp4; sourceTree = "<group>"; };
		E8C2836D2AFCEF6E00FBF6F0 /* videoCollectionCell.swift */ = {isa = PBXFileReference; lastKnownFileType = sourcecode.swift; path = videoCollectionCell.swift; sourceTree = "<group>"; };
		E8EBB2E62AFA4B4C000F905A /* FilterCollectionCell.swift */ = {isa = PBXFileReference; lastKnownFileType = sourcecode.swift; path = FilterCollectionCell.swift; sourceTree = "<group>"; };
		E8EBB2E82AFA636C000F905A /* ImgCollectionViewCell2.swift */ = {isa = PBXFileReference; lastKnownFileType = sourcecode.swift; path = ImgCollectionViewCell2.swift; sourceTree = "<group>"; };
/* End PBXFileReference section */

/* Begin PBXFrameworksBuildPhase section */
		E897F05C2AFA1531001336F0 /* Frameworks */ = {
			isa = PBXFrameworksBuildPhase;
			buildActionMask = 2147483647;
			files = (
				295C420DC6C69747EF272988 /* Pods_ImageProcessing.framework in Frameworks */,
			);
			runOnlyForDeploymentPostprocessing = 0;
		};
/* End PBXFrameworksBuildPhase section */

/* Begin PBXGroup section */
		54E74401B0BE3CFD6ED0E480 /* Pods */ = {
			isa = PBXGroup;
			children = (
				B4538F1503446D3525CC36C9 /* Pods-ImageProcessing.debug.xcconfig */,
				40A7982C9B8EED544DDD046B /* Pods-ImageProcessing.release.xcconfig */,
			);
			path = Pods;
			sourceTree = "<group>";
		};
		E897F0562AFA1531001336F0 = {
			isa = PBXGroup;
			children = (
				E897F0612AFA1531001336F0 /* ImageProcessing */,
				E897F0602AFA1531001336F0 /* Products */,
				E897F0822AFA17AC001336F0 /* Frameworks */,
				54E74401B0BE3CFD6ED0E480 /* Pods */,
			);
			sourceTree = "<group>";
		};
		E897F0602AFA1531001336F0 /* Products */ = {
			isa = PBXGroup;
			children = (
				E897F05F2AFA1531001336F0 /* ImageProcessing.app */,
			);
			name = Products;
			sourceTree = "<group>";
		};
		E897F0612AFA1531001336F0 /* ImageProcessing */ = {
			isa = PBXGroup;
			children = (
				E897F0642AFA1531001336F0 /* SceneDelegate.swift */,
				E897F0622AFA1531001336F0 /* AppDelegate.swift */,
				E8C283682AFCE33000FBF6F0 /* Golbal */,
				E8C283672AFCE31100FBF6F0 /* ImageFilter */,
				E8C283662AFCE30700FBF6F0 /* VideoFilter */,
				E8A5BA162AFB965F005B4A4E /* Video */,
				E8C283622AFC993100FBF6F0 /* HomeVC.swift */,
				E897F0682AFA1531001336F0 /* Main.storyboard */,
				E8C2836D2AFCEF6E00FBF6F0 /* videoCollectionCell.swift */,
				E897F06B2AFA1532001336F0 /* Assets.xcassets */,
				E897F06D2AFA1532001336F0 /* LaunchScreen.storyboard */,
				E897F0702AFA1532001336F0 /* Info.plist */,
			);
			path = ImageProcessing;
			sourceTree = "<group>";
		};
		E897F0822AFA17AC001336F0 /* Frameworks */ = {
			isa = PBXGroup;
			children = (
				B56443B3AD1161C4653AB670 /* Pods_ImageProcessing.framework */,
			);
			name = Frameworks;
			sourceTree = "<group>";
		};
		E8A5BA162AFB965F005B4A4E /* Video */ = {
			isa = PBXGroup;
			children = (
				E8C283692AFCEEBE00FBF6F0 /* Semple1.mp4 */,
				E8C2836A2AFCEEBE00FBF6F0 /* Semple2.mp4 */,
				E8A5BA172AFB9673005B4A4E /* Semple3.mp4 */,
			);
			path = Video;
			sourceTree = "<group>";
		};
		E8C283662AFCE30700FBF6F0 /* VideoFilter */ = {
			isa = PBXGroup;
			children = (
				E8A5BA192AFB9CE6005B4A4E /* videoCollectionViewCell2.swift */,
				E8A5BA1D2AFBA189005B4A4E /* VideoPlayerVC.swift */,
			);
			path = VideoFilter;
			sourceTree = "<group>";
		};
		E8C283672AFCE31100FBF6F0 /* ImageFilter */ = {
			isa = PBXGroup;
			children = (
				E8EBB2E82AFA636C000F905A /* ImgCollectionViewCell2.swift */,
				E8EBB2E62AFA4B4C000F905A /* FilterCollectionCell.swift */,
				E897F0662AFA1531001336F0 /* PhotoFilterVC.swift */,
			);
			path = ImageFilter;
			sourceTree = "<group>";
		};
		E8C283682AFCE33000FBF6F0 /* Golbal */ = {
			isa = PBXGroup;
			children = (
				E83D744F2AFB4ACB000FB6F0 /* GlobalFile.swift */,
				E8A5BA122AFB87D9005B4A4E /* FiltersManager.swift */,
			);
			path = Golbal;
			sourceTree = "<group>";
		};
/* End PBXGroup section */

/* Begin PBXNativeTarget section */
		E897F05E2AFA1531001336F0 /* ImageProcessing */ = {
			isa = PBXNativeTarget;
			buildConfigurationList = E897F0732AFA1532001336F0 /* Build configuration list for PBXNativeTarget "ImageProcessing" */;
			buildPhases = (
				A62C5E4B56A8F7E2F83A8E9E /* [CP] Check Pods Manifest.lock */,
				E897F05B2AFA1531001336F0 /* Sources */,
				E897F05C2AFA1531001336F0 /* Frameworks */,
				E897F05D2AFA1531001336F0 /* Resources */,
				E857D6812AFA1D2E008416CB /* CopyFiles */,
				27980F5298D2DCB3176DF1B1 /* [CP] Embed Pods Frameworks */,
			);
			buildRules = (
			);
			dependencies = (
			);
			name = ImageProcessing;
			productName = ImageProcessing;
			productReference = E897F05F2AFA1531001336F0 /* ImageProcessing.app */;
			productType = "com.apple.product-type.application";
		};
/* End PBXNativeTarget section */

/* Begin PBXProject section */
		E897F0572AFA1531001336F0 /* Project object */ = {
			isa = PBXProject;
			attributes = {
				BuildIndependentTargetsInParallel = 1;
				LastSwiftUpdateCheck = 1430;
				LastUpgradeCheck = 1430;
				TargetAttributes = {
					E897F05E2AFA1531001336F0 = {
						CreatedOnToolsVersion = 14.3;
					};
				};
			};
			buildConfigurationList = E897F05A2AFA1531001336F0 /* Build configuration list for PBXProject "ImageProcessing" */;
			compatibilityVersion = "Xcode 14.0";
			developmentRegion = en;
			hasScannedForEncodings = 0;
			knownRegions = (
				en,
				Base,
			);
			mainGroup = E897F0562AFA1531001336F0;
			productRefGroup = E897F0602AFA1531001336F0 /* Products */;
			projectDirPath = "";
			projectRoot = "";
			targets = (
				E897F05E2AFA1531001336F0 /* ImageProcessing */,
			);
		};
/* End PBXProject section */

/* Begin PBXResourcesBuildPhase section */
		E897F05D2AFA1531001336F0 /* Resources */ = {
			isa = PBXResourcesBuildPhase;
			buildActionMask = 2147483647;
			files = (
				E897F06F2AFA1532001336F0 /* LaunchScreen.storyboard in Resources */,
				E8A5BA182AFB9673005B4A4E /* Semple3.mp4 in Resources */,
				E8C2836C2AFCEEBE00FBF6F0 /* Semple2.mp4 in Resources */,
				E897F06C2AFA1532001336F0 /* Assets.xcassets in Resources */,
				E897F06A2AFA1531001336F0 /* Main.storyboard in Resources */,
				E8C2836B2AFCEEBE00FBF6F0 /* Semple1.mp4 in Resources */,
			);
			runOnlyForDeploymentPostprocessing = 0;
		};
/* End PBXResourcesBuildPhase section */

/* Begin PBXShellScriptBuildPhase section */
		27980F5298D2DCB3176DF1B1 /* [CP] Embed Pods Frameworks */ = {
			isa = PBXShellScriptBuildPhase;
			buildActionMask = 8;
			files = (
			);
			inputFileListPaths = (
				"${PODS_ROOT}/Target Support Files/Pods-ImageProcessing/Pods-ImageProcessing-frameworks-${CONFIGURATION}-input-files.xcfilelist",
			);
			name = "[CP] Embed Pods Frameworks";
			outputFileListPaths = (
				"${PODS_ROOT}/Target Support Files/Pods-ImageProcessing/Pods-ImageProcessing-frameworks-${CONFIGURATION}-output-files.xcfilelist",
			);
			runOnlyForDeploymentPostprocessing = 1;
			shellPath = /bin/sh;
			shellScript = "\"${PODS_ROOT}/Target Support Files/Pods-ImageProcessing/Pods-ImageProcessing-frameworks.sh\"\n";
			showEnvVarsInLog = 0;
		};
		A62C5E4B56A8F7E2F83A8E9E /* [CP] Check Pods Manifest.lock */ = {
			isa = PBXShellScriptBuildPhase;
			buildActionMask = 2147483647;
			files = (
			);
			inputFileListPaths = (
			);
			inputPaths = (
				"${PODS_PODFILE_DIR_PATH}/Podfile.lock",
				"${PODS_ROOT}/Manifest.lock",
			);
			name = "[CP] Check Pods Manifest.lock";
			outputFileListPaths = (
			);
			outputPaths = (
				"$(DERIVED_FILE_DIR)/Pods-ImageProcessing-checkManifestLockResult.txt",
			);
			runOnlyForDeploymentPostprocessing = 0;
			shellPath = /bin/sh;
			shellScript = "diff \"${PODS_PODFILE_DIR_PATH}/Podfile.lock\" \"${PODS_ROOT}/Manifest.lock\" > /dev/null\nif [ $? != 0 ] ; then\n    # print error to STDERR\n    echo \"error: The sandbox is not in sync with the Podfile.lock. Run 'pod install' or update your CocoaPods installation.\" >&2\n    exit 1\nfi\n# This output is used by Xcode 'outputs' to avoid re-running this script phase.\necho \"SUCCESS\" > \"${SCRIPT_OUTPUT_FILE_0}\"\n";
			showEnvVarsInLog = 0;
		};
/* End PBXShellScriptBuildPhase section */

/* Begin PBXSourcesBuildPhase section */
		E897F05B2AFA1531001336F0 /* Sources */ = {
			isa = PBXSourcesBuildPhase;
			buildActionMask = 2147483647;
			files = (
				E8C2836E2AFCEF6E00FBF6F0 /* videoCollectionCell.swift in Sources */,
				E83D74502AFB4ACB000FB6F0 /* GlobalFile.swift in Sources */,
				E897F0672AFA1531001336F0 /* PhotoFilterVC.swift in Sources */,
				E8EBB2E92AFA636C000F905A /* ImgCollectionViewCell2.swift in Sources */,
				E897F0632AFA1531001336F0 /* AppDelegate.swift in Sources */,
				E8A5BA1A2AFB9CE6005B4A4E /* videoCollectionViewCell2.swift in Sources */,
				E8A5BA132AFB87D9005B4A4E /* FiltersManager.swift in Sources */,
				E897F0652AFA1531001336F0 /* SceneDelegate.swift in Sources */,
				E8C283632AFC993100FBF6F0 /* HomeVC.swift in Sources */,
				E8A5BA1E2AFBA189005B4A4E /* VideoPlayerVC.swift in Sources */,
				E8EBB2E72AFA4B4C000F905A /* FilterCollectionCell.swift in Sources */,
			);
			runOnlyForDeploymentPostprocessing = 0;
		};
/* End PBXSourcesBuildPhase section */

/* Begin PBXVariantGroup section */
		E897F0682AFA1531001336F0 /* Main.storyboard */ = {
			isa = PBXVariantGroup;
			children = (
				E897F0692AFA1531001336F0 /* Base */,
			);
			name = Main.storyboard;
			sourceTree = "<group>";
		};
		E897F06D2AFA1532001336F0 /* LaunchScreen.storyboard */ = {
			isa = PBXVariantGroup;
			children = (
				E897F06E2AFA1532001336F0 /* Base */,
			);
			name = LaunchScreen.storyboard;
			sourceTree = "<group>";
		};
/* End PBXVariantGroup section */

/* Begin XCBuildConfiguration section */
		E897F0712AFA1532001336F0 /* Debug */ = {
			isa = XCBuildConfiguration;
			buildSettings = {
				ALLOW_TARGET_PLATFORM_SPECIALIZATION = YES;
				ALWAYS_SEARCH_USER_PATHS = NO;
				CLANG_ANALYZER_NONNULL = YES;
				CLANG_ANALYZER_NUMBER_OBJECT_CONVERSION = YES_AGGRESSIVE;
				CLANG_CXX_LANGUAGE_STANDARD = "gnu++20";
				CLANG_ENABLE_MODULES = YES;
				CLANG_ENABLE_OBJC_ARC = YES;
				CLANG_ENABLE_OBJC_WEAK = YES;
				CLANG_WARN_BLOCK_CAPTURE_AUTORELEASING = YES;
				CLANG_WARN_BOOL_CONVERSION = YES;
				CLANG_WARN_COMMA = YES;
				CLANG_WARN_CONSTANT_CONVERSION = YES;
				CLANG_WARN_DEPRECATED_OBJC_IMPLEMENTATIONS = YES;
				CLANG_WARN_DIRECT_OBJC_ISA_USAGE = YES_ERROR;
				CLANG_WARN_DOCUMENTATION_COMMENTS = YES;
				CLANG_WARN_EMPTY_BODY = YES;
				CLANG_WARN_ENUM_CONVERSION = YES;
				CLANG_WARN_INFINITE_RECURSION = YES;
				CLANG_WARN_INT_CONVERSION = YES;
				CLANG_WARN_NON_LITERAL_NULL_CONVERSION = YES;
				CLANG_WARN_OBJC_IMPLICIT_RETAIN_SELF = YES;
				CLANG_WARN_OBJC_LITERAL_CONVERSION = YES;
				CLANG_WARN_OBJC_ROOT_CLASS = YES_ERROR;
				CLANG_WARN_QUOTED_INCLUDE_IN_FRAMEWORK_HEADER = YES;
				CLANG_WARN_RANGE_LOOP_ANALYSIS = YES;
				CLANG_WARN_STRICT_PROTOTYPES = YES;
				CLANG_WARN_SUSPICIOUS_MOVE = YES;
				CLANG_WARN_UNGUARDED_AVAILABILITY = YES_AGGRESSIVE;
				CLANG_WARN_UNREACHABLE_CODE = YES;
				CLANG_WARN__DUPLICATE_METHOD_MATCH = YES;
				COPY_PHASE_STRIP = NO;
				DEBUG_INFORMATION_FORMAT = dwarf;
				ENABLE_STRICT_OBJC_MSGSEND = YES;
				ENABLE_TESTABILITY = YES;
				EXCLUDED_ARCHS = "";
				"EXCLUDED_ARCHS[sdk=*]" = arm64;
				GCC_C_LANGUAGE_STANDARD = gnu11;
				GCC_DYNAMIC_NO_PIC = NO;
				GCC_NO_COMMON_BLOCKS = YES;
				GCC_OPTIMIZATION_LEVEL = 0;
				GCC_PREPROCESSOR_DEFINITIONS = (
					"DEBUG=1",
					"$(inherited)",
				);
				GCC_WARN_64_TO_32_BIT_CONVERSION = YES;
				GCC_WARN_ABOUT_RETURN_TYPE = YES_ERROR;
				GCC_WARN_UNDECLARED_SELECTOR = YES;
				GCC_WARN_UNINITIALIZED_AUTOS = YES_AGGRESSIVE;
				GCC_WARN_UNUSED_FUNCTION = YES;
				GCC_WARN_UNUSED_VARIABLE = YES;
				IPHONEOS_DEPLOYMENT_TARGET = 11.0;
				MTL_ENABLE_DEBUG_INFO = INCLUDE_SOURCE;
				MTL_FAST_MATH = YES;
				ONLY_ACTIVE_ARCH = YES;
				SDKROOT = iphoneos;
				SUPPORTED_PLATFORMS = "iphonesimulator iphoneos";
				SUPPORTS_MACCATALYST = YES;
				SWIFT_ACTIVE_COMPILATION_CONDITIONS = DEBUG;
				SWIFT_OPTIMIZATION_LEVEL = "-Onone";
			};
			name = Debug;
		};
		E897F0722AFA1532001336F0 /* Release */ = {
			isa = XCBuildConfiguration;
			buildSettings = {
				ALLOW_TARGET_PLATFORM_SPECIALIZATION = YES;
				ALWAYS_SEARCH_USER_PATHS = NO;
				CLANG_ANALYZER_NONNULL = YES;
				CLANG_ANALYZER_NUMBER_OBJECT_CONVERSION = YES_AGGRESSIVE;
				CLANG_CXX_LANGUAGE_STANDARD = "gnu++20";
				CLANG_ENABLE_MODULES = YES;
				CLANG_ENABLE_OBJC_ARC = YES;
				CLANG_ENABLE_OBJC_WEAK = YES;
				CLANG_WARN_BLOCK_CAPTURE_AUTORELEASING = YES;
				CLANG_WARN_BOOL_CONVERSION = YES;
				CLANG_WARN_COMMA = YES;
				CLANG_WARN_CONSTANT_CONVERSION = YES;
				CLANG_WARN_DEPRECATED_OBJC_IMPLEMENTATIONS = YES;
				CLANG_WARN_DIRECT_OBJC_ISA_USAGE = YES_ERROR;
				CLANG_WARN_DOCUMENTATION_COMMENTS = YES;
				CLANG_WARN_EMPTY_BODY = YES;
				CLANG_WARN_ENUM_CONVERSION = YES;
				CLANG_WARN_INFINITE_RECURSION = YES;
				CLANG_WARN_INT_CONVERSION = YES;
				CLANG_WARN_NON_LITERAL_NULL_CONVERSION = YES;
				CLANG_WARN_OBJC_IMPLICIT_RETAIN_SELF = YES;
				CLANG_WARN_OBJC_LITERAL_CONVERSION = YES;
				CLANG_WARN_OBJC_ROOT_CLASS = YES_ERROR;
				CLANG_WARN_QUOTED_INCLUDE_IN_FRAMEWORK_HEADER = YES;
				CLANG_WARN_RANGE_LOOP_ANALYSIS = YES;
				CLANG_WARN_STRICT_PROTOTYPES = YES;
				CLANG_WARN_SUSPICIOUS_MOVE = YES;
				CLANG_WARN_UNGUARDED_AVAILABILITY = YES_AGGRESSIVE;
				CLANG_WARN_UNREACHABLE_CODE = YES;
				CLANG_WARN__DUPLICATE_METHOD_MATCH = YES;
				COPY_PHASE_STRIP = NO;
				DEBUG_INFORMATION_FORMAT = "dwarf-with-dsym";
				ENABLE_NS_ASSERTIONS = NO;
				ENABLE_STRICT_OBJC_MSGSEND = YES;
				EXCLUDED_ARCHS = "";
				GCC_C_LANGUAGE_STANDARD = gnu11;
				GCC_NO_COMMON_BLOCKS = YES;
				GCC_WARN_64_TO_32_BIT_CONVERSION = YES;
				GCC_WARN_ABOUT_RETURN_TYPE = YES_ERROR;
				GCC_WARN_UNDECLARED_SELECTOR = YES;
				GCC_WARN_UNINITIALIZED_AUTOS = YES_AGGRESSIVE;
				GCC_WARN_UNUSED_FUNCTION = YES;
				GCC_WARN_UNUSED_VARIABLE = YES;
				IPHONEOS_DEPLOYMENT_TARGET = 11.0;
				MTL_ENABLE_DEBUG_INFO = NO;
				MTL_FAST_MATH = YES;
				SDKROOT = iphoneos;
				SUPPORTED_PLATFORMS = "iphonesimulator iphoneos";
				SUPPORTS_MACCATALYST = YES;
				SWIFT_COMPILATION_MODE = wholemodule;
				SWIFT_OPTIMIZATION_LEVEL = "-O";
				VALIDATE_PRODUCT = YES;
			};
			name = Release;
		};
		E897F0742AFA1532001336F0 /* Debug */ = {
			isa = XCBuildConfiguration;
			baseConfigurationReference = B4538F1503446D3525CC36C9 /* Pods-ImageProcessing.debug.xcconfig */;
			buildSettings = {
				ASSETCATALOG_COMPILER_APPICON_NAME = AppIcon;
				ASSETCATALOG_COMPILER_GLOBAL_ACCENT_COLOR_NAME = AccentColor;
				CODE_SIGN_STYLE = Automatic;
				CURRENT_PROJECT_VERSION = 1;
				DEVELOPMENT_TEAM = 94U8N7BQ85;
				"EXCLUDED_ARCHS[sdk=*]" = arm64;
				GENERATE_INFOPLIST_FILE = YES;
				INFOPLIST_FILE = ImageProcessing/Info.plist;
				INFOPLIST_KEY_UIApplicationSupportsIndirectInputEvents = YES;
				INFOPLIST_KEY_UILaunchStoryboardName = LaunchScreen;
				INFOPLIST_KEY_UIMainStoryboardFile = Main;
				INFOPLIST_KEY_UISupportedInterfaceOrientations_iPad = "UIInterfaceOrientationPortrait UIInterfaceOrientationPortraitUpsideDown UIInterfaceOrientationLandscapeLeft UIInterfaceOrientationLandscapeRight";
				INFOPLIST_KEY_UISupportedInterfaceOrientations_iPhone = "UIInterfaceOrientationPortrait UIInterfaceOrientationLandscapeLeft UIInterfaceOrientationLandscapeRight";
				IPHONEOS_DEPLOYMENT_TARGET = 11.0;
				LD_RUNPATH_SEARCH_PATHS = (
					"$(inherited)",
					"@executable_path/Frameworks",
				);
				MARKETING_VERSION = 1.0;
				PRODUCT_BUNDLE_IDENTIFIER = nilutech.NewDemoButton;
				PRODUCT_NAME = "$(TARGET_NAME)";
				SWIFT_EMIT_LOC_STRINGS = YES;
				SWIFT_VERSION = 5.0;
				TARGETED_DEVICE_FAMILY = "1,2";
			};
			name = Debug;
		};
		E897F0752AFA1532001336F0 /* Release */ = {
			isa = XCBuildConfiguration;
			baseConfigurationReference = 40A7982C9B8EED544DDD046B /* Pods-ImageProcessing.release.xcconfig */;
			buildSettings = {
				ASSETCATALOG_COMPILER_APPICON_NAME = AppIcon;
				ASSETCATALOG_COMPILER_GLOBAL_ACCENT_COLOR_NAME = AccentColor;
				CODE_SIGN_STYLE = Automatic;
				CURRENT_PROJECT_VERSION = 1;
				DEVELOPMENT_TEAM = 94U8N7BQ85;
				GENERATE_INFOPLIST_FILE = YES;
				INFOPLIST_FILE = ImageProcessing/Info.plist;
				INFOPLIST_KEY_UIApplicationSupportsIndirectInputEvents = YES;
				INFOPLIST_KEY_UILaunchStoryboardName = LaunchScreen;
				INFOPLIST_KEY_UIMainStoryboardFile = Main;
				INFOPLIST_KEY_UISupportedInterfaceOrientations_iPad = "UIInterfaceOrientationPortrait UIInterfaceOrientationPortraitUpsideDown UIInterfaceOrientationLandscapeLeft UIInterfaceOrientationLandscapeRight";
				INFOPLIST_KEY_UISupportedInterfaceOrientations_iPhone = "UIInterfaceOrientationPortrait UIInterfaceOrientationLandscapeLeft UIInterfaceOrientationLandscapeRight";
				IPHONEOS_DEPLOYMENT_TARGET = 11.0;
				LD_RUNPATH_SEARCH_PATHS = (
					"$(inherited)",
					"@executable_path/Frameworks",
				);
				MARKETING_VERSION = 1.0;
				PRODUCT_BUNDLE_IDENTIFIER = nilutech.NewDemoButton;
				PRODUCT_NAME = "$(TARGET_NAME)";
				SWIFT_EMIT_LOC_STRINGS = YES;
				SWIFT_VERSION = 5.0;
				TARGETED_DEVICE_FAMILY = "1,2";
			};
			name = Release;
		};
/* End XCBuildConfiguration section */

/* Begin XCConfigurationList section */
		E897F05A2AFA1531001336F0 /* Build configuration list for PBXProject "ImageProcessing" */ = {
			isa = XCConfigurationList;
			buildConfigurations = (
				E897F0712AFA1532001336F0 /* Debug */,
				E897F0722AFA1532001336F0 /* Release */,
			);
			defaultConfigurationIsVisible = 0;
			defaultConfigurationName = Release;
		};
		E897F0732AFA1532001336F0 /* Build configuration list for PBXNativeTarget "ImageProcessing" */ = {
			isa = XCConfigurationList;
			buildConfigurations = (
				E897F0742AFA1532001336F0 /* Debug */,
				E897F0752AFA1532001336F0 /* Release */,
			);
			defaultConfigurationIsVisible = 0;
			defaultConfigurationName = Release;
		};
/* End XCConfigurationList section */
	};
	rootObject = E897F0572AFA1531001336F0 /* Project object */;
}
