PODS:
  - IronSourceAdQualitySDK (9.0.1)
  - IronSourceSDK (9.0.0.0):
    - IronSourceSDK/AdQuality (= 9.0.0.0)
    - IronSourceSDK/Ads (= 9.0.0.0)
  - IronSourceSDK/AdQuality (9.0.0.0):
    - IronSourceAdQualitySDK (~> 9.0.0)
  - IronSourceSDK/Ads (9.0.0.0)

DEPENDENCIES:
  - IronSourceSDK

SPEC REPOS:
  trunk:
    - IronSourceAdQualitySDK
    - IronSourceSDK

SPEC CHECKSUMS:
  IronSourceAdQualitySDK: a23d5ad2cc7906c675f4124436a9d8343a661ff8
  IronSourceSDK: b64660084bc4b162f30a4e846f7b763ce0074664

PODFILE CHECKSUM: a4fb171e2a55ea1038c4955c90613c2e8bf265c9

COCOAPODS: 1.16.2
